lockfileVersion: '9.0'

settings:
  autoInstallPeers: true
  excludeLinksFromLockfile: false

importers:

  .:
    devDependencies:
      '@types/node':
        specifier: ^25.0.10
        version: 25.0.10
      concurrently:
        specifier: ^9.2.1
        version: 9.2.1
      diff2html:
        specifier: ^3.4.55
        version: 3.4.55
      esbuild:
        specifier: ^0.25.11
        version: 0.25.12
      remix:
        specifier: 3.0.0-alpha.1
        version: 3.0.0-alpha.1

packages:

  '@esbuild/aix-ppc64@0.25.12':
    resolution: {integrity: sha512-Hhmwd6CInZ3dwpuGTF8fJG6yoWmsToE+vYgD4nytZVxcu1ulHpUQRAB1UJ8+N1Am3Mz4+xOByoQoSZf4D+CpkA==}
    engines: {node: '>=18'}
    cpu: [ppc64]
    os: [aix]

  '@esbuild/android-arm64@0.25.12':
    resolution: {integrity: sha512-6AAmLG7zwD1Z159jCKPvAxZd4y/VTO0VkprYy+3N2FtJ8+BQWFXU+OxARIwA46c5tdD9SsKGZ/1ocqBS/gAKHg==}
    engines: {node: '>=18'}
    cpu: [arm64]
    os: [android]

  '@esbuild/android-arm@0.25.12':
    resolution: {integrity: sha512-VJ+sKvNA/GE7Ccacc9Cha7bpS8nyzVv0jdVgwNDaR4gDMC/2TTRc33Ip8qrNYUcpkOHUT5OZ0bUcNNVZQ9RLlg==}
    engines: {node: '>=18'}
    cpu: [arm]
    os: [android]

  '@esbuild/android-x64@0.25.12':
    resolution: {integrity: sha512-5jbb+2hhDHx5phYR2By8GTWEzn6I9UqR11Kwf22iKbNpYrsmRB18aX/9ivc5cabcUiAT/wM+YIZ6SG9QO6a8kg==}
    engines: {node: '>=18'}
    cpu: [x64]
    os: [android]

  '@esbuild/darwin-arm64@0.25.12':
    resolution: {integrity: sha512-N3zl+lxHCifgIlcMUP5016ESkeQjLj/959RxxNYIthIg+CQHInujFuXeWbWMgnTo4cp5XVHqFPmpyu9J65C1Yg==}
    engines: {node: '>=18'}
    cpu: [arm64]
    os: [darwin]

  '@esbuild/darwin-x64@0.25.12':
    resolution: {integrity: sha512-HQ9ka4Kx21qHXwtlTUVbKJOAnmG1ipXhdWTmNXiPzPfWKpXqASVcWdnf2bnL73wgjNrFXAa3yYvBSd9pzfEIpA==}
    engines: {node: '>=18'}
    cpu: [x64]
    os: [darwin]

  '@esbuild/freebsd-arm64@0.25.12':
    resolution: {integrity: sha512-gA0Bx759+7Jve03K1S0vkOu5Lg/85dou3EseOGUes8flVOGxbhDDh/iZaoek11Y8mtyKPGF3vP8XhnkDEAmzeg==}
    engines: {node: '>=18'}
    cpu: [arm64]
    os: [freebsd]

  '@esbuild/freebsd-x64@0.25.12':
    resolution: {integrity: sha512-TGbO26Yw2xsHzxtbVFGEXBFH0FRAP7gtcPE7P5yP7wGy7cXK2oO7RyOhL5NLiqTlBh47XhmIUXuGciXEqYFfBQ==}
    engines: {node: '>=18'}
    cpu: [x64]
    os: [freebsd]

  '@esbuild/linux-arm64@0.25.12':
    resolution: {integrity: sha512-8bwX7a8FghIgrupcxb4aUmYDLp8pX06rGh5HqDT7bB+8Rdells6mHvrFHHW2JAOPZUbnjUpKTLg6ECyzvas2AQ==}
    engines: {node: '>=18'}
    cpu: [arm64]
    os: [linux]

  '@esbuild/linux-arm@0.25.12':
    resolution: {integrity: sha512-lPDGyC1JPDou8kGcywY0YILzWlhhnRjdof3UlcoqYmS9El818LLfJJc3PXXgZHrHCAKs/Z2SeZtDJr5MrkxtOw==}
    engines: {node: '>=18'}
    cpu: [arm]
    os: [linux]

  '@esbuild/linux-ia32@0.25.12':
    resolution: {integrity: sha512-0y9KrdVnbMM2/vG8KfU0byhUN+EFCny9+8g202gYqSSVMonbsCfLjUO+rCci7pM0WBEtz+oK/PIwHkzxkyharA==}
    engines: {node: '>=18'}
    cpu: [ia32]
    os: [linux]

  '@esbuild/linux-loong64@0.25.12':
    resolution: {integrity: sha512-h///Lr5a9rib/v1GGqXVGzjL4TMvVTv+s1DPoxQdz7l/AYv6LDSxdIwzxkrPW438oUXiDtwM10o9PmwS/6Z0Ng==}
    engines: {node: '>=18'}
    cpu: [loong64]
    os: [linux]

  '@esbuild/linux-mips64el@0.25.12':
    resolution: {integrity: sha512-iyRrM1Pzy9GFMDLsXn1iHUm18nhKnNMWscjmp4+hpafcZjrr2WbT//d20xaGljXDBYHqRcl8HnxbX6uaA/eGVw==}
    engines: {node: '>=18'}
    cpu: [mips64el]
    os: [linux]

  '@esbuild/linux-ppc64@0.25.12':
    resolution: {integrity: sha512-9meM/lRXxMi5PSUqEXRCtVjEZBGwB7P/D4yT8UG/mwIdze2aV4Vo6U5gD3+RsoHXKkHCfSxZKzmDssVlRj1QQA==}
    engines: {node: '>=18'}
    cpu: [ppc64]
    os: [linux]

  '@esbuild/linux-riscv64@0.25.12':
    resolution: {integrity: sha512-Zr7KR4hgKUpWAwb1f3o5ygT04MzqVrGEGXGLnj15YQDJErYu/BGg+wmFlIDOdJp0PmB0lLvxFIOXZgFRrdjR0w==}
    engines: {node: '>=18'}
    cpu: [riscv64]
    os: [linux]

  '@esbuild/linux-s390x@0.25.12':
    resolution: {integrity: sha512-MsKncOcgTNvdtiISc/jZs/Zf8d0cl/t3gYWX8J9ubBnVOwlk65UIEEvgBORTiljloIWnBzLs4qhzPkJcitIzIg==}
    engines: {node: '>=18'}
    cpu: [s390x]
    os: [linux]

  '@esbuild/linux-x64@0.25.12':
    resolution: {integrity: sha512-uqZMTLr/zR/ed4jIGnwSLkaHmPjOjJvnm6TVVitAa08SLS9Z0VM8wIRx7gWbJB5/J54YuIMInDquWyYvQLZkgw==}
    engines: {node: '>=18'}
    cpu: [x64]
    os: [linux]

  '@esbuild/netbsd-arm64@0.25.12':
    resolution: {integrity: sha512-xXwcTq4GhRM7J9A8Gv5boanHhRa/Q9KLVmcyXHCTaM4wKfIpWkdXiMog/KsnxzJ0A1+nD+zoecuzqPmCRyBGjg==}
    engines: {node: '>=18'}
    cpu: [arm64]
    os: [netbsd]

  '@esbuild/netbsd-x64@0.25.12':
    resolution: {integrity: sha512-Ld5pTlzPy3YwGec4OuHh1aCVCRvOXdH8DgRjfDy/oumVovmuSzWfnSJg+VtakB9Cm0gxNO9BzWkj6mtO1FMXkQ==}
    engines: {node: '>=18'}
    cpu: [x64]
    os: [netbsd]

  '@esbuild/openbsd-arm64@0.25.12':
    resolution: {integrity: sha512-fF96T6KsBo/pkQI950FARU9apGNTSlZGsv1jZBAlcLL1MLjLNIWPBkj5NlSz8aAzYKg+eNqknrUJ24QBybeR5A==}
    engines: {node: '>=18'}
    cpu: [arm64]
    os: [openbsd]

  '@esbuild/openbsd-x64@0.25.12':
    resolution: {integrity: sha512-MZyXUkZHjQxUvzK7rN8DJ3SRmrVrke8ZyRusHlP+kuwqTcfWLyqMOE3sScPPyeIXN/mDJIfGXvcMqCgYKekoQw==}
    engines: {node: '>=18'}
    cpu: [x64]
    os: [openbsd]

  '@esbuild/openharmony-arm64@0.25.12':
    resolution: {integrity: sha512-rm0YWsqUSRrjncSXGA7Zv78Nbnw4XL6/dzr20cyrQf7ZmRcsovpcRBdhD43Nuk3y7XIoW2OxMVvwuRvk9XdASg==}
    engines: {node: '>=18'}
    cpu: [arm64]
    os: [openharmony]

  '@esbuild/sunos-x64@0.25.12':
    resolution: {integrity: sha512-3wGSCDyuTHQUzt0nV7bocDy72r2lI33QL3gkDNGkod22EsYl04sMf0qLb8luNKTOmgF/eDEDP5BFNwoBKH441w==}
    engines: {node: '>=18'}
    cpu: [x64]
    os: [sunos]

  '@esbuild/win32-arm64@0.25.12':
    resolution: {integrity: sha512-rMmLrur64A7+DKlnSuwqUdRKyd3UE7oPJZmnljqEptesKM8wx9J8gx5u0+9Pq0fQQW8vqeKebwNXdfOyP+8Bsg==}
    engines: {node: '>=18'}
    cpu: [arm64]
    os: [win32]

  '@esbuild/win32-ia32@0.25.12':
    resolution: {integrity: sha512-HkqnmmBoCbCwxUKKNPBixiWDGCpQGVsrQfJoVGYLPT41XWF8lHuE5N6WhVia2n4o5QK5M4tYr21827fNhi4byQ==}
    engines: {node: '>=18'}
    cpu: [ia32]
    os: [win32]

  '@esbuild/win32-x64@0.25.12':
    resolution: {integrity: sha512-alJC0uCZpTFrSL0CCDjcgleBXPnCrEAhTBILpeAp7M/OFgoqtAetfBzX0xM00MUsVVPpVjlPuMbREqnZCXaTnA==}
    engines: {node: '>=18'}
    cpu: [x64]
    os: [win32]

  '@profoundlogic/hogan@3.0.4':
    resolution: {integrity: sha512-pmNVGuooS30Mm7YbZd5T7E5zYVO6D5Ct91sn4T39mUvMUc3sCGridcnhAufL1/Bz2QzAtzEn0agNrdk3+5yWzw==}
    hasBin: true

  '@remix-run/async-context-middleware@0.1.1':
    resolution: {integrity: sha512-Yqcq3jZ2QDbxFWqACJGEmxqqHkSVA2LRbajSW3fXO3ADiYJC29e/+K1uJP3lygJzJwAj3roJx3pX2rCj6mnoQw==}

  '@remix-run/component@0.3.0':
    resolution: {integrity: sha512-Cq+izA+IzcE0/+1soho7ZMwkEvuU3jNnj4tV9nrt0UI6zqXN68QU5G497uXD4qXCeNCQaghdAAxK01/wdac4nA==}

  '@remix-run/compression-middleware@0.1.1':
    resolution: {integrity: sha512-6TyaEwR28uV6FVWJJewBXL2ZWAGMP3ZrSuOK5WF1XyxiCWqcKS3sFjcgg9PnVwqk0yPA/yWjvl40TRjjKaar1A==}

  '@remix-run/cookie@0.5.1':
    resolution: {integrity: sha512-gbeZfVd1AKRlFj3IJWcIcR6zqVGz2XGJhR+mcqYiWnYt6KM8oUGtc82dsc4qZnWWA1f0nM4/He9wrU4GjB0pag==}

  '@remix-run/fetch-proxy@0.7.1':
    resolution: {integrity: sha512-rPLfOpAaCXtm1dLI45uIPKERNbXbrh0P9AJc1sliz8pWd/McaFYjdr5KzB4QrFSfPvEt/Wmy6F2521qB1kK0ug==}

  '@remix-run/fetch-router@0.15.1':
    resolution: {integrity: sha512-HYJGY7AkJuXPNmVJO4jCgSr48tYiNSjVeuTZ1pzYGaJW/z1Q4IWesXVMkWQiY52u60aeImJho3gzS6yaLGkiMQ==}

  '@remix-run/file-storage@0.13.2':
    resolution: {integrity: sha512-1j2ZFdXjuLraMcEqU/bQFhkDwERlZNF5IuYiDmMpubOQXqwA1gIWNyWQnPO+iaRZPcxHWuZhWYSR5477BsT76A==}

  '@remix-run/form-data-middleware@0.1.2':
    resolution: {integrity: sha512-0O/WJMyApXKLk8lv9CJyijtxmMqWEexm71XHThXi0o/P6E+r/UZeNYtLuu8JQZXAaFOlPsa2DTIrIMf/5xREVg==}

  '@remix-run/form-data-parser@0.14.0':
    resolution: {integrity: sha512-erLDiOCYPkuhbRUv9PVlPa0izyruppBRwxQbvAR+cZ5d1EX4Nv21AGcZn2x63pZMxclWRnnLpmDTjACXgZFgWg==}

  '@remix-run/fs@0.4.1':
    resolution: {integrity: sha512-uroe7TnOWpKzyy8zA+sfJkAqsnS0+k5YVwlv3Reo5Hw4FKrKT6w9euk+Dc9E6yFkjJubxRAUt+qSRSgm+zwPiw==}

  '@remix-run/headers@0.15.0':
    resolution: {integrity: sha512-wGXHv9nAt8z8KQqc1bdtclduJwTO+zlQEjcNqYyifE8WqKToYu6/PJCDh5PGn0o4DHj8K71rEyP3MwZsIRRccg==}

  '@remix-run/headers@0.19.0':
    resolution: {integrity: sha512-+62NbkXuXm9r/NdG6KfH9OCKofCWm8VjkrVPICiHKtRl8Gf2Vi6eFTN4mGgBlZRhd5mmEVRV4hTIn/JUSHDAOw==}

  '@remix-run/html-template@0.3.0':
    resolution: {integrity: sha512-aAMx68udtIk0fmCpCXHYscVeCDsRVEmEgh4XvtusPr3vkHu3jn4gx5oAxgsPXPdDmmD/d75SYyI0m/F+aLz5iQ==}

  '@remix-run/interaction@0.4.0':
    resolution: {integrity: sha512-eXPPLR4TfLWkLyQtVCyqgpmwPJy5ZF6tbyyTqYbPIq8BCZkcKuyUZXrJDlAkiBNkVv3wrSLqm0Yt/cfOKyJq4Q==}

  '@remix-run/lazy-file@5.0.1':
    resolution: {integrity: sha512-jYMnzj9Pt/SkBYFvIZWDcucaTrM+LQONTeBJalV/+3IA7ej+PPAwBuAXYggc0Uoti9cWiXEraNnhefgUlouxMg==}

  '@remix-run/logger-middleware@0.1.1':
    resolution: {integrity: sha512-wMRt4b7MDUMakwVVln8rRwYtGC+UAwWZAWtahQLqTj/LNVxoYpP7o5bjOLqGIFa6D1A9eegxQRIbov382ZA5aA==}

  '@remix-run/method-override-middleware@0.1.2':
    resolution: {integrity: sha512-PvmEADQ1lg6rZE0QAA3FNiJENTxlpxXd/r4egtZ1CQPZg1WNUWBMYXdm2HgyGY0RYMVM6FZmhjySqZhiduZzzA==}

  '@remix-run/mime@0.3.0':
    resolution: {integrity: sha512-/t4gg4oOSXuI41HTdl4xbrV6VhjFiyGpA7eU7498EcaFfZ1flKdi5EqKrybH0plompB1mukCQhM9lLwiKGqOug==}

  '@remix-run/multipart-parser@0.13.0':
    resolution: {integrity: sha512-EMEnc4YOzOnw62BmdTqvlmvzUCYDsQ1fpca6Xtvn8oV5GHXMYJoB3ocQyA+KNAa3j8QzKyNomifUXJ9OVrGEXA==}

  '@remix-run/multipart-parser@0.14.2':
    resolution: {integrity: sha512-yDq9ql4Xz92bRG/Sgl4cg2dRlxxC6A40XBy/oyDhy76hJtTQvgyzx9sfPXYPxcfL1BtqljC+sYHE0PvjmQhSfw==}

  '@remix-run/node-fetch-server@0.13.0':
    resolution: {integrity: sha512-1EsNo0ZpgXu/90AWoRZf/oE3RVTUS80tiTUpt+hv5pjtAkw7icN4WskDwz/KdAw5ARbJLMhZBrO1NqThmy/McA==}

  '@remix-run/response@0.3.1':
    resolution: {integrity: sha512-qNKHznfcmLPe393CF40wHAzB08I5AID0ma6C5T31dgJQrOdCMAPR8ME4CEWYbwuASxulLBnimIVy0lI85i+MeQ==}

  '@remix-run/route-pattern@0.17.0':
    resolution: {integrity: sha512-fbs33SiIiYkiANUcyRqqTYlcZcyntdCnXW2OltejGaEm4m0xCvx367KZNAGTrb9u9zvTP04pt4iyu3B0O4J2kQ==}

  '@remix-run/session-middleware@0.1.2':
    resolution: {integrity: sha512-Opk+1VGeRGVbawnlWrPin0btPrbalk6DrtShAifVPQSDnC9fI8x3FX/crTkzA07vN+eoUlDBgED2GkUKKoWk+Q==}

  '@remix-run/session@0.4.1':
    resolution: {integrity: sha512-Bm6aKYgutb/raHZ3laloz8g/Qu7f3CeK3o4gUVDMxtEiAdWCzJamwHoTpGOc5+g1Kuy7z85v4M6nGrF06MFDSg==}

  '@remix-run/static-middleware@0.4.2':
    resolution: {integrity: sha512-rGWgL1apkznITiqF3BaJICuRFGaorDCwKlZ9waYTQIWGXzFL9XCfWuCFT8/f51V18XtNguiMAIRGGGqAubu8Tg==}

  '@remix-run/tar-parser@0.7.0':
    resolution: {integrity: sha512-PW8JxEUzaGcnqxC5hBI8L9lK/Qz3oad6IGKZ+NExI3L7urVJUux+yCBrsme79DMBgS6hL+lgd/5LPFA5fSwF9A==}

  '@types/node@25.0.10':
    resolution: {integrity: sha512-zWW5KPngR/yvakJgGOmZ5vTBemDoSqF3AcV/LrO5u5wTWyEAVVh+IT39G4gtyAkh3CtTZs8aX/yRM82OfzHJRg==}

  abbrev@1.1.1:
    resolution: {integrity: sha512-nne9/IiQ/hzIhY6pdDnbBtz7DjPTKrY00P/zvPSm5pOFkl6xuGrGnXn/VtTNNfNtAfZ9/1RtehkszU9qcTii0Q==}

  ansi-regex@5.0.1:
    resolution: {integrity: sha512-quJQXlTSUGL2LH9SUXo8VwsY4soanhgo6LNSm84E1LBcE8s3O0wpdiRzyR9z/ZZJMlMWv37qOOb9pdJlMUEKFQ==}
    engines: {node: '>=8'}

  ansi-styles@4.3.0:
    resolution: {integrity: sha512-zbB9rCJAT1rbjiVDb2hqKFHNYLxgtk8NURxZ3IZwD3F6NtxbXZQCnnSi1Lkx+IDohdPlFp222wVALIheZJQSEg==}
    engines: {node: '>=8'}

  chalk@4.1.2:
    resolution: {integrity: sha512-oKnbhFyRIXpUuez8iBMmyEa4nbj4IOQyuhc/wy9kY7/WVPcwIO9VA668Pu8RkO7+0G76SLROeyw9CpQ061i4mA==}
    engines: {node: '>=10'}

  cliui@8.0.1:
    resolution: {integrity: sha512-BSeNnyus75C4//NQ9gQt1/csTXyo/8Sb+afLAkzAptFuMsod9HFokGNudZpi/oQV73hnVK+sR+5PVRMd+Dr7YQ==}
    engines: {node: '>=12'}

  color-convert@2.0.1:
    resolution: {integrity: sha512-RRECPsj7iu/xb5oKYcsFHSppFNnsj/52OVTRKb4zP5onXwVF3zVmmToNcOfGC+CRDpfK/U584fMg38ZHCaElKQ==}
    engines: {node: '>=7.0.0'}

  color-name@1.1.4:
    resolution: {integrity: sha512-dOy+3AuW3a2wNbZHIuMZpTcgjGuLU/uBL/ubcZF9OXbDo8ff4O8yVp5Bf0efS8uEoYo5q4Fx7dY9OgQGXgAsQA==}

  concurrently@9.2.1:
    resolution: {integrity: sha512-fsfrO0MxV64Znoy8/l1vVIjjHa29SZyyqPgQBwhiDcaW8wJc2W3XWVOGx4M3oJBnv/zdUZIIp1gDeS98GzP8Ng==}
    engines: {node: '>=18'}
    hasBin: true

  diff2html@3.4.55:
    resolution: {integrity: sha512-v7vi4Gluu7VtMNiHxZWyfnzRItkNPo1mxBzf2VnzZZccdN3gcl+4ZG8WBA7p4AkhPeeBcDItu9JF91o2HZkhlQ==}
    engines: {node: '>=12'}

  diff@7.0.0:
    resolution: {integrity: sha512-PJWHUb1RFevKCwaFA9RlG5tCd+FO5iRh9A8HEtkmBH2Li03iJriB6m6JIN4rGz3K3JLawI7/veA1xzRKP6ISBw==}
    engines: {node: '>=0.3.1'}

  emoji-regex@8.0.0:
    resolution: {integrity: sha512-MSjYzcWNOA0ewAHpz0MxpYFvwg6yjy1NG3xteoqz644VCo/RPgnr1/GGt+ic3iJTzQ8Eu3TdM14SawnVUmGE6A==}

  esbuild@0.25.12:
    resolution: {integrity: sha512-bbPBYYrtZbkt6Os6FiTLCTFxvq4tt3JKall1vRwshA3fdVztsLAatFaZobhkBC8/BrPetoa0oksYoKXoG4ryJg==}
    engines: {node: '>=18'}
    hasBin: true

  escalade@3.2.0:
    resolution: {integrity: sha512-WUj2qlxaQtO4g6Pq5c29GTcWGDyd8itL8zTlipgECz3JesAiiOKotd8JU6otB3PACgG6xkJUyVhboMS+bje/jA==}
    engines: {node: '>=6'}

  get-caller-file@2.0.5:
    resolution: {integrity: sha512-DyFP3BM/3YHTQOCUL/w0OZHR0lpKeGrxotcHWcqNEdnltqFwXVfhEBQ94eIo34AfQpo0rGki4cyIiftY06h2Fg==}
    engines: {node: 6.* || 8.* || >= 10.*}

  has-flag@4.0.0:
    resolution: {integrity: sha512-EykJT/Q1KjTWctppgIAgfSO0tKVuZUjhgMr17kqTumMl6Afv3EISleU7qZUzoXDFTAHTDC4NOoG/ZxU3EvlMPQ==}
    engines: {node: '>=8'}

  highlight.js@11.9.0:
    resolution: {integrity: sha512-fJ7cW7fQGCYAkgv4CPfwFHrfd/cLS4Hau96JuJ+ZTOWhjnhoeN1ub1tFmALm/+lW5z4WCAuAV9bm05AP0mS6Gw==}
    engines: {node: '>=12.0.0'}

  is-fullwidth-code-point@3.0.0:
    resolution: {integrity: sha512-zymm5+u+sCsSWyD9qNaejV3DFvhCKclKdizYaJUuHA83RLjb7nSuGnddCHGv0hk+KY7BMAlsWeK4Ueg6EV6XQg==}
    engines: {node: '>=8'}

  nopt@1.0.10:
    resolution: {integrity: sha512-NWmpvLSqUrgrAC9HCuxEvb+PSloHpqVu+FqcO4eeF2h5qYRhA7ev6KvelyQAKtegUbC6RypJnlEOhd8vloNKYg==}
    hasBin: true

  remix@3.0.0-alpha.1:
    resolution: {integrity: sha512-K+ron2HN3hsZfBpNT8DMwmjY+QxbttyK/e/XI14eYMe2zS64UuCMVbUZQkJyr7ZBnskrNguMydF9hPHImaPZdA==}

  require-directory@2.1.1:
    resolution: {integrity: sha512-fGxEI7+wsG9xrvdjsrlmL22OMTTiHRwAMroiEeMgq8gzoLC/PQr7RsRDSTLUg/bZAZtF+TVIkHc6/4RIKrui+Q==}
    engines: {node: '>=0.10.0'}

  rxjs@7.8.2:
    resolution: {integrity: sha512-dhKf903U/PQZY6boNNtAGdWbG85WAbjT/1xYoZIC7FAY0yWapOBQVsVrDl58W86//e1VpMNBtRV4MaXfdMySFA==}

  shell-quote@1.8.3:
    resolution: {integrity: sha512-ObmnIF4hXNg1BqhnHmgbDETF8dLPCggZWBjkQfhZpbszZnYur5DUljTcCHii5LC3J5E0yeO/1LIMyH+UvHQgyw==}
    engines: {node: '>= 0.4'}

  string-width@4.2.3:
    resolution: {integrity: sha512-wKyQRQpjJ0sIp62ErSZdGsjMJWsap5oRNihHhu6G7JVO/9jIB6UyevL+tXuOqrng8j/cxKTWyWUwvSTriiZz/g==}
    engines: {node: '>=8'}

  strip-ansi@6.0.1:
    resolution: {integrity: sha512-Y38VPSHcqkFrCpFnQ9vuSXmquuv5oXOKpGeT6aGrr3o3Gc9AlVa6JBfUSOCnbxGGZF+/0ooI7KrPuUSztUdU5A==}
    engines: {node: '>=8'}

  supports-color@7.2.0:
    resolution: {integrity: sha512-qpCAvRl9stuOHveKsn7HncJRvv501qIacKzQlO/+Lwxc9+0q2wLyv4Dfvt80/DPn2pqOBsJdDiogXGR9+OvwRw==}
    engines: {node: '>=8'}

  supports-color@8.1.1:
    resolution: {integrity: sha512-MpUEN2OodtUzxvKQl72cUF7RQ5EiHsGvSsVG0ia9c5RbWGL2CI4C7EpPS8UTBIplnlzZiNuV56w+FuNxy3ty2Q==}
    engines: {node: '>=10'}

  tree-kill@1.2.2:
    resolution: {integrity: sha512-L0Orpi8qGpRG//Nd+H90vFB+3iHnue1zSSGmNOOCh1GLJ7rUKVwV2HvijphGQS2UmhUZewS9VgvxYIdgr+fG1A==}
    hasBin: true

  tslib@2.8.1:
    resolution: {integrity: sha512-oJFu94HQb+KVduSUQL7wnpmqnfmLsOA/nAh6b6EH0wCEoK0/mPeXU6c3wKDV83MkOuHPRHtSXKKU99IBazS/2w==}

  undici-types@7.16.0:
    resolution: {integrity: sha512-Zz+aZWSj8LE6zoxD+xrjh4VfkIG8Ya6LvYkZqtUQGJPZjYl53ypCaUwWqo7eI0x66KBGeRo+mlBEkMSeSZ38Nw==}

  wrap-ansi@7.0.0:
    resolution: {integrity: sha512-YVGIj2kamLSTxw6NsZjoBxfSwsn0ycdesmc4p+Q21c5zPuZ1pl+NfxVdxPtdHvmNVOQ6XSYG4AUtyt/Fi7D16Q==}
    engines: {node: '>=10'}

  y18n@5.0.8:
    resolution: {integrity: sha512-0pfFzegeDWJHJIAmTLRP2DwHjdF5s7jo9tuztdQxAhINCdvS+3nGINqPd00AphqJR/0LhANUS6/+7SCb98YOfA==}
    engines: {node: '>=10'}

  yargs-parser@21.1.1:
    resolution: {integrity: sha512-tVpsJW7DdjecAiFpbIB1e3qxIQsE6NoPc5/eTdrbbIC4h0LVsWhnoa3g+m2HclBIujHzsxZ4VJVA+GUuc2/LBw==}
    engines: {node: '>=12'}

  yargs@17.7.2:
    resolution: {integrity: sha512-7dSzzRQ++CKnNI/krKnYRV7JKKPUXMEh61soaHKg9mrWEhzFWhFnxPxGl+69cD1Ou63C13NUPCnmIcrvqCuM6w==}
    engines: {node: '>=12'}

snapshots:

  '@esbuild/aix-ppc64@0.25.12':
    optional: true

  '@esbuild/android-arm64@0.25.12':
    optional: true

  '@esbuild/android-arm@0.25.12':
    optional: true

  '@esbuild/android-x64@0.25.12':
    optional: true

  '@esbuild/darwin-arm64@0.25.12':
    optional: true

  '@esbuild/darwin-x64@0.25.12':
    optional: true

  '@esbuild/freebsd-arm64@0.25.12':
    optional: true

  '@esbuild/freebsd-x64@0.25.12':
    optional: true

  '@esbuild/linux-arm64@0.25.12':
    optional: true

  '@esbuild/linux-arm@0.25.12':
    optional: true

  '@esbuild/linux-ia32@0.25.12':
    optional: true

  '@esbuild/linux-loong64@0.25.12':
    optional: true

  '@esbuild/linux-mips64el@0.25.12':
    optional: true

  '@esbuild/linux-ppc64@0.25.12':
    optional: true

  '@esbuild/linux-riscv64@0.25.12':
    optional: true

  '@esbuild/linux-s390x@0.25.12':
    optional: true

  '@esbuild/linux-x64@0.25.12':
    optional: true

  '@esbuild/netbsd-arm64@0.25.12':
    optional: true

  '@esbuild/netbsd-x64@0.25.12':
    optional: true

  '@esbuild/openbsd-arm64@0.25.12':
    optional: true

  '@esbuild/openbsd-x64@0.25.12':
    optional: true

  '@esbuild/openharmony-arm64@0.25.12':
    optional: true

  '@esbuild/sunos-x64@0.25.12':
    optional: true

  '@esbuild/win32-arm64@0.25.12':
    optional: true

  '@esbuild/win32-ia32@0.25.12':
    optional: true

  '@esbuild/win32-x64@0.25.12':
    optional: true

  '@profoundlogic/hogan@3.0.4':
    dependencies:
      nopt: 1.0.10

  '@remix-run/async-context-middleware@0.1.1':
    dependencies:
      '@remix-run/fetch-router': 0.15.1

  '@remix-run/component@0.3.0':
    dependencies:
      '@remix-run/interaction': 0.4.0

  '@remix-run/compression-middleware@0.1.1':
    dependencies:
      '@remix-run/fetch-router': 0.15.1
      '@remix-run/mime': 0.3.0
      '@remix-run/response': 0.3.1

  '@remix-run/cookie@0.5.1':
    dependencies:
      '@remix-run/headers': 0.19.0

  '@remix-run/fetch-proxy@0.7.1':
    dependencies:
      '@remix-run/headers': 0.19.0

  '@remix-run/fetch-router@0.15.1':
    dependencies:
      '@remix-run/route-pattern': 0.17.0
      '@remix-run/session': 0.4.1

  '@remix-run/file-storage@0.13.2':
    dependencies:
      '@remix-run/fs': 0.4.1
      '@remix-run/lazy-file': 5.0.1

  '@remix-run/form-data-middleware@0.1.2':
    dependencies:
      '@remix-run/fetch-router': 0.15.1
      '@remix-run/form-data-parser': 0.14.0

  '@remix-run/form-data-parser@0.14.0':
    dependencies:
      '@remix-run/multipart-parser': 0.13.0

  '@remix-run/fs@0.4.1':
    dependencies:
      '@remix-run/lazy-file': 5.0.1
      '@remix-run/mime': 0.3.0

  '@remix-run/headers@0.15.0': {}

  '@remix-run/headers@0.19.0': {}

  '@remix-run/html-template@0.3.0': {}

  '@remix-run/interaction@0.4.0': {}

  '@remix-run/lazy-file@5.0.1':
    dependencies:
      '@remix-run/mime': 0.3.0

  '@remix-run/logger-middleware@0.1.1':
    dependencies:
      '@remix-run/fetch-router': 0.15.1

  '@remix-run/method-override-middleware@0.1.2':
    dependencies:
      '@remix-run/fetch-router': 0.15.1

  '@remix-run/mime@0.3.0': {}

  '@remix-run/multipart-parser@0.13.0':
    dependencies:
      '@remix-run/headers': 0.15.0

  '@remix-run/multipart-parser@0.14.2':
    dependencies:
      '@remix-run/headers': 0.19.0

  '@remix-run/node-fetch-server@0.13.0': {}

  '@remix-run/response@0.3.1':
    dependencies:
      '@remix-run/headers': 0.19.0
      '@remix-run/html-template': 0.3.0
      '@remix-run/mime': 0.3.0

  '@remix-run/route-pattern@0.17.0': {}

  '@remix-run/session-middleware@0.1.2':
    dependencies:
      '@remix-run/cookie': 0.5.1
      '@remix-run/fetch-router': 0.15.1
      '@remix-run/session': 0.4.1

  '@remix-run/session@0.4.1': {}

  '@remix-run/static-middleware@0.4.2':
    dependencies:
      '@remix-run/fetch-router': 0.15.1
      '@remix-run/fs': 0.4.1
      '@remix-run/html-template': 0.3.0
      '@remix-run/mime': 0.3.0
      '@remix-run/response': 0.3.1

  '@remix-run/tar-parser@0.7.0': {}

  '@types/node@25.0.10':
    dependencies:
      undici-types: 7.16.0

  abbrev@1.1.1: {}

  ansi-regex@5.0.1: {}

  ansi-styles@4.3.0:
    dependencies:
      color-convert: 2.0.1

  chalk@4.1.2:
    dependencies:
      ansi-styles: 4.3.0
      supports-color: 7.2.0

  cliui@8.0.1:
    dependencies:
      string-width: 4.2.3
      strip-ansi: 6.0.1
      wrap-ansi: 7.0.0

  color-convert@2.0.1:
    dependencies:
      color-name: 1.1.4

  color-name@1.1.4: {}

  concurrently@9.2.1:
    dependencies:
      chalk: 4.1.2
      rxjs: 7.8.2
      shell-quote: 1.8.3
      supports-color: 8.1.1
      tree-kill: 1.2.2
      yargs: 17.7.2

  diff2html@3.4.55:
    dependencies:
      '@profoundlogic/hogan': 3.0.4
      diff: 7.0.0
    optionalDependencies:
      highlight.js: 11.9.0

  diff@7.0.0: {}

  emoji-regex@8.0.0: {}

  esbuild@0.25.12:
    optionalDependencies:
      '@esbuild/aix-ppc64': 0.25.12
      '@esbuild/android-arm': 0.25.12
      '@esbuild/android-arm64': 0.25.12
      '@esbuild/android-x64': 0.25.12
      '@esbuild/darwin-arm64': 0.25.12
      '@esbuild/darwin-x64': 0.25.12
      '@esbuild/freebsd-arm64': 0.25.12
      '@esbuild/freebsd-x64': 0.25.12
      '@esbuild/linux-arm': 0.25.12
      '@esbuild/linux-arm64': 0.25.12
      '@esbuild/linux-ia32': 0.25.12
      '@esbuild/linux-loong64': 0.25.12
      '@esbuild/linux-mips64el': 0.25.12
      '@esbuild/linux-ppc64': 0.25.12
      '@esbuild/linux-riscv64': 0.25.12
      '@esbuild/linux-s390x': 0.25.12
      '@esbuild/linux-x64': 0.25.12
      '@esbuild/netbsd-arm64': 0.25.12
      '@esbuild/netbsd-x64': 0.25.12
      '@esbuild/openbsd-arm64': 0.25.12
      '@esbuild/openbsd-x64': 0.25.12
      '@esbuild/openharmony-arm64': 0.25.12
      '@esbuild/sunos-x64': 0.25.12
      '@esbuild/win32-arm64': 0.25.12
      '@esbuild/win32-ia32': 0.25.12
      '@esbuild/win32-x64': 0.25.12

  escalade@3.2.0: {}

  get-caller-file@2.0.5: {}

  has-flag@4.0.0: {}

  highlight.js@11.9.0:
    optional: true

  is-fullwidth-code-point@3.0.0: {}

  nopt@1.0.10:
    dependencies:
      abbrev: 1.1.1

  remix@3.0.0-alpha.1:
    dependencies:
      '@remix-run/async-context-middleware': 0.1.1
      '@remix-run/component': 0.3.0
      '@remix-run/compression-middleware': 0.1.1
      '@remix-run/cookie': 0.5.1
      '@remix-run/fetch-proxy': 0.7.1
      '@remix-run/fetch-router': 0.15.1
      '@remix-run/file-storage': 0.13.2
      '@remix-run/form-data-middleware': 0.1.2
      '@remix-run/form-data-parser': 0.14.0
      '@remix-run/fs': 0.4.1
      '@remix-run/headers': 0.19.0
      '@remix-run/html-template': 0.3.0
      '@remix-run/interaction': 0.4.0
      '@remix-run/lazy-file': 5.0.1
      '@remix-run/logger-middleware': 0.1.1
      '@remix-run/method-override-middleware': 0.1.2
      '@remix-run/mime': 0.3.0
      '@remix-run/multipart-parser': 0.14.2
      '@remix-run/node-fetch-server': 0.13.0
      '@remix-run/response': 0.3.1
      '@remix-run/route-pattern': 0.17.0
      '@remix-run/session': 0.4.1
      '@remix-run/session-middleware': 0.1.2
      '@remix-run/static-middleware': 0.4.2
      '@remix-run/tar-parser': 0.7.0

  require-directory@2.1.1: {}

  rxjs@7.8.2:
    dependencies:
      tslib: 2.8.1

  shell-quote@1.8.3: {}

  string-width@4.2.3:
    dependencies:
      emoji-regex: 8.0.0
      is-fullwidth-code-point: 3.0.0
      strip-ansi: 6.0.1

  strip-ansi@6.0.1:
    dependencies:
      ansi-regex: 5.0.1

  supports-color@7.2.0:
    dependencies:
      has-flag: 4.0.0

  supports-color@8.1.1:
    dependencies:
      has-flag: 4.0.0

  tree-kill@1.2.2: {}

  tslib@2.8.1: {}

  undici-types@7.16.0: {}

  wrap-ansi@7.0.0:
    dependencies:
      ansi-styles: 4.3.0
      string-width: 4.2.3
      strip-ansi: 6.0.1

  y18n@5.0.8: {}

  yargs-parser@21.1.1: {}

  yargs@17.7.2:
    dependencies:
      cliui: 8.0.1
      escalade: 3.2.0
      get-caller-file: 2.0.5
      require-directory: 2.1.1
      string-width: 4.2.3
      y18n: 5.0.8
      yargs-parser: 21.1.1
